{
  "name": "tstest-lib",
  "version": "1.0.0",
  "lockfileVersion": 1,
  "dependencies": {
    "typescript": {
      "version": "2.6.0-dev.20171011",
      "resolved": "https://registry.npmjs.org/typescript/-/typescript-2.6.0-dev.20171011.tgz",
      "integrity": "sha512-il66U8zNRbF875Gq6cP3K/CthG7Dp9PRpu5w5mVHaPcolzJhrdLa3K2WavqqJg/7h7sPOZvsU8nYdXO61sHagg=="
    }
  }
}
